// !$*UTF8*$!
{
	archiveVersion = 1;
	classes = {
	};
	objectVersion = 46;
	objects = {

/* Begin PBXBuildFile section */
		680F6875248CEE05BB3CB158 /* Pods_YLZDevelopmentKit.framework in Frameworks */ = {isa = PBXBuildFile; fileRef = 8AB13C4B08CE6121D347DD52 /* Pods_YLZDevelopmentKit.framework */; };
		B83A15311E6E9C7E00DFA42E /* MainViewController.m in Sources */ = {isa = PBXBuildFile; fileRef = B83A15301E6E9C7E00DFA42E /* MainViewController.m */; };
		B843AABD1E7928D20001578C /* DNSMapping.json in Resources */ = {isa = PBXBuildFile; fileRef = B843AABC1E7928D20001578C /* DNSMapping.json */; };
		B843AAC01E79296A0001578C /* YLZDNSMappingManager.m in Sources */ = {isa = PBXBuildFile; fileRef = B843AABF1E79296A0001578C /* YLZDNSMappingManager.m */; };
		B896FE7F1E78D2ED001A5086 /* YLZNetworkManager.m in Sources */ = {isa = PBXBuildFile; fileRef = B896FE7E1E78D2ED001A5086 /* YLZNetworkManager.m */; };
		B89DC1541E6E5CBD00C5D69F /* main.m in Sources */ = {isa = PBXBuildFile; fileRef = B89DC1531E6E5CBD00C5D69F /* main.m */; };
		B89DC1571E6E5CBD00C5D69F /* AppDelegate.m in Sources */ = {isa = PBXBuildFile; fileRef = B89DC1561E6E5CBD00C5D69F /* AppDelegate.m */; };
		B89DC15F1E6E5CBD00C5D69F /* Assets.xcassets in Resources */ = {isa = PBXBuildFile; fileRef = B89DC15E1E6E5CBD00C5D69F /* Assets.xcassets */; };
		B89DC1621E6E5CBD00C5D69F /* LaunchScreen.storyboard in Resources */ = {isa = PBXBuildFile; fileRef = B89DC1601E6E5CBD00C5D69F /* LaunchScreen.storyboard */; };
		B8D609671E7A21C100AA5DAD /* YLZIPValidator.m in Sources */ = {isa = PBXBuildFile; fileRef = B8D609661E7A21C100AA5DAD /* YLZIPValidator.m */; };
		B8D854E51E6FAC4900BF279C /* YLZAppContext.m in Sources */ = {isa = PBXBuildFile; fileRef = B8D854E41E6FAC4900BF279C /* YLZAppContext.m */; };
		B8E2EEB81E6FFEF100D3791F /* YLZNetworkReachability.m in Sources */ = {isa = PBXBuildFile; fileRef = B8E2EEB71E6FFEF100D3791F /* YLZNetworkReachability.m */; };
/* End PBXBuildFile section */

/* Begin PBXFileReference section */
		3881BB0012418F791DBC538F /* Pods-YLZDevelopmentKit.release.xcconfig */ = {isa = PBXFileReference; includeInIndex = 1; lastKnownFileType = text.xcconfig; name = "Pods-YLZDevelopmentKit.release.xcconfig"; path = "Pods/Target Support Files/Pods-YLZDevelopmentKit/Pods-YLZDevelopmentKit.release.xcconfig"; sourceTree = "<group>"; };
		475472B1BF09D7197B848EC6 /* Pods-YLZDevelopmentKit.debug.xcconfig */ = {isa = PBXFileReference; includeInIndex = 1; lastKnownFileType = text.xcconfig; name = "Pods-YLZDevelopmentKit.debug.xcconfig"; path = "Pods/Target Support Files/Pods-YLZDevelopmentKit/Pods-YLZDevelopmentKit.debug.xcconfig"; sourceTree = "<group>"; };
		8AB13C4B08CE6121D347DD52 /* Pods_YLZDevelopmentKit.framework */ = {isa = PBXFileReference; explicitFileType = wrapper.framework; includeInIndex = 0; path = Pods_YLZDevelopmentKit.framework; sourceTree = BUILT_PRODUCTS_DIR; };
		B83A152F1E6E9C7E00DFA42E /* MainViewController.h */ = {isa = PBXFileReference; fileEncoding = 4; lastKnownFileType = sourcecode.c.h; path = MainViewController.h; sourceTree = "<group>"; };
		B83A15301E6E9C7E00DFA42E /* MainViewController.m */ = {isa = PBXFileReference; fileEncoding = 4; lastKnownFileType = sourcecode.c.objc; path = MainViewController.m; sourceTree = "<group>"; };
		B83A15341E6E9CB000DFA42E /* YLZDevelopmentKit.h */ = {isa = PBXFileReference; lastKnownFileType = sourcecode.c.h; path = YLZDevelopmentKit.h; sourceTree = "<group>"; };
		B83A15351E6E9CBD00DFA42E /* Networking.h */ = {isa = PBXFileReference; lastKnownFileType = sourcecode.c.h; path = Networking.h; sourceTree = "<group>"; };
		B843AABC1E7928D20001578C /* DNSMapping.json */ = {isa = PBXFileReference; fileEncoding = 4; lastKnownFileType = text.json; path = DNSMapping.json; sourceTree = "<group>"; };
		B843AABE1E79296A0001578C /* YLZDNSMappingManager.h */ = {isa = PBXFileReference; fileEncoding = 4; lastKnownFileType = sourcecode.c.h; path = YLZDNSMappingManager.h; sourceTree = "<group>"; };
		B843AABF1E79296A0001578C /* YLZDNSMappingManager.m */ = {isa = PBXFileReference; fileEncoding = 4; lastKnownFileType = sourcecode.c.objc; path = YLZDNSMappingManager.m; sourceTree = "<group>"; };
		B896FE7D1E78D2ED001A5086 /* YLZNetworkManager.h */ = {isa = PBXFileReference; fileEncoding = 4; lastKnownFileType = sourcecode.c.h; path = YLZNetworkManager.h; sourceTree = "<group>"; };
		B896FE7E1E78D2ED001A5086 /* YLZNetworkManager.m */ = {isa = PBXFileReference; fileEncoding = 4; lastKnownFileType = sourcecode.c.objc; path = YLZNetworkManager.m; sourceTree = "<group>"; };
		B89DC14F1E6E5CBD00C5D69F /* YLZDevelopmentKit.app */ = {isa = PBXFileReference; explicitFileType = wrapper.application; includeInIndex = 0; path = YLZDevelopmentKit.app; sourceTree = BUILT_PRODUCTS_DIR; };
		B89DC1531E6E5CBD00C5D69F /* main.m */ = {isa = PBXFileReference; lastKnownFileType = sourcecode.c.objc; path = main.m; sourceTree = "<group>"; };
		B89DC1551E6E5CBD00C5D69F /* AppDelegate.h */ = {isa = PBXFileReference; lastKnownFileType = sourcecode.c.h; path = AppDelegate.h; sourceTree = "<group>"; };
		B89DC1561E6E5CBD00C5D69F /* AppDelegate.m */ = {isa = PBXFileReference; lastKnownFileType = sourcecode.c.objc; path = AppDelegate.m; sourceTree = "<group>"; };
		B89DC15E1E6E5CBD00C5D69F /* Assets.xcassets */ = {isa = PBXFileReference; lastKnownFileType = folder.assetcatalog; path = Assets.xcassets; sourceTree = "<group>"; };
		B89DC1611E6E5CBD00C5D69F /* Base */ = {isa = PBXFileReference; lastKnownFileType = file.storyboard; name = Base; path = Base.lproj/LaunchScreen.storyboard; sourceTree = "<group>"; };
		B89DC1631E6E5CBD00C5D69F /* Info.plist */ = {isa = PBXFileReference; lastKnownFileType = text.plist.xml; path = Info.plist; sourceTree = "<group>"; };
		B8D609651E7A21C100AA5DAD /* YLZIPValidator.h */ = {isa = PBXFileReference; fileEncoding = 4; lastKnownFileType = sourcecode.c.h; path = YLZIPValidator.h; sourceTree = "<group>"; };
		B8D609661E7A21C100AA5DAD /* YLZIPValidator.m */ = {isa = PBXFileReference; fileEncoding = 4; lastKnownFileType = sourcecode.c.objc; path = YLZIPValidator.m; sourceTree = "<group>"; };
		B8D854E31E6FAC4900BF279C /* YLZAppContext.h */ = {isa = PBXFileReference; fileEncoding = 4; lastKnownFileType = sourcecode.c.h; path = YLZAppContext.h; sourceTree = "<group>"; };
		B8D854E41E6FAC4900BF279C /* YLZAppContext.m */ = {isa = PBXFileReference; fileEncoding = 4; lastKnownFileType = sourcecode.c.objc; path = YLZAppContext.m; sourceTree = "<group>"; };
		B8E2EEB61E6FFEF100D3791F /* YLZNetworkReachability.h */ = {isa = PBXFileReference; fileEncoding = 4; lastKnownFileType = sourcecode.c.h; path = YLZNetworkReachability.h; sourceTree = "<group>"; };
		B8E2EEB71E6FFEF100D3791F /* YLZNetworkReachability.m */ = {isa = PBXFileReference; fileEncoding = 4; lastKnownFileType = sourcecode.c.objc; path = YLZNetworkReachability.m; sourceTree = "<group>"; };
/* End PBXFileReference section */

/* Begin PBXFrameworksBuildPhase section */
		B89DC14C1E6E5CBD00C5D69F /* Frameworks */ = {
			isa = PBXFrameworksBuildPhase;
			buildActionMask = 2147483647;
			files = (
				680F6875248CEE05BB3CB158 /* Pods_YLZDevelopmentKit.framework in Frameworks */,
			);
			runOnlyForDeploymentPostprocessing = 0;
		};
/* End PBXFrameworksBuildPhase section */

/* Begin PBXGroup section */
		9D07000544D4EBD6FC11B1F3 /* Pods */ = {
			isa = PBXGroup;
			children = (
				475472B1BF09D7197B848EC6 /* Pods-YLZDevelopmentKit.debug.xcconfig */,
				3881BB0012418F791DBC538F /* Pods-YLZDevelopmentKit.release.xcconfig */,
			);
			name = Pods;
			sourceTree = "<group>";
		};
		B265D12CFCD63D8AF67C671D /* Frameworks */ = {
			isa = PBXGroup;
			children = (
				8AB13C4B08CE6121D347DD52 /* Pods_YLZDevelopmentKit.framework */,
			);
			name = Frameworks;
			sourceTree = "<group>";
		};
		B83A15321E6E9CA400DFA42E /* SDK */ = {
			isa = PBXGroup;
			children = (
				B83A15341E6E9CB000DFA42E /* YLZDevelopmentKit.h */,
				B8D854DF1E6FA8D200BF279C /* AppContext */,
				B843AABB1E7928D20001578C /* Bundle */,
				B83A15331E6E9CA400DFA42E /* Networking */,
			);
			path = SDK;
			sourceTree = "<group>";
		};
		B83A15331E6E9CA400DFA42E /* Networking */ = {
			isa = PBXGroup;
			children = (
				B83A15351E6E9CBD00DFA42E /* Networking.h */,
				B896FE7D1E78D2ED001A5086 /* YLZNetworkManager.h */,
				B896FE7E1E78D2ED001A5086 /* YLZNetworkManager.m */,
				B8E2EEB61E6FFEF100D3791F /* YLZNetworkReachability.h */,
				B8E2EEB71E6FFEF100D3791F /* YLZNetworkReachability.m */,
				B843AABE1E79296A0001578C /* YLZDNSMappingManager.h */,
				B843AABF1E79296A0001578C /* YLZDNSMappingManager.m */,
				B8D609651E7A21C100AA5DAD /* YLZIPValidator.h */,
				B8D609661E7A21C100AA5DAD /* YLZIPValidator.m */,
			);
			path = Networking;
			sourceTree = "<group>";
		};
		B843AABB1E7928D20001578C /* Bundle */ = {
			isa = PBXGroup;
			children = (
				B843AABC1E7928D20001578C /* DNSMapping.json */,
			);
			path = Bundle;
			sourceTree = "<group>";
		};
		B89DC1461E6E5CBD00C5D69F = {
			isa = PBXGroup;
			children = (
				B89DC1511E6E5CBD00C5D69F /* YLZDevelopmentKit */,
				B89DC1501E6E5CBD00C5D69F /* Products */,
				9D07000544D4EBD6FC11B1F3 /* Pods */,
				B265D12CFCD63D8AF67C671D /* Frameworks */,
			);
			sourceTree = "<group>";
		};
		B89DC1501E6E5CBD00C5D69F /* Products */ = {
			isa = PBXGroup;
			children = (
				B89DC14F1E6E5CBD00C5D69F /* YLZDevelopmentKit.app */,
			);
			name = Products;
			sourceTree = "<group>";
		};
		B89DC1511E6E5CBD00C5D69F /* YLZDevelopmentKit */ = {
			isa = PBXGroup;
			children = (
				B83A15321E6E9CA400DFA42E /* SDK */,
				B89DC1551E6E5CBD00C5D69F /* AppDelegate.h */,
				B89DC1561E6E5CBD00C5D69F /* AppDelegate.m */,
				B83A152F1E6E9C7E00DFA42E /* MainViewController.h */,
				B83A15301E6E9C7E00DFA42E /* MainViewController.m */,
				B89DC15E1E6E5CBD00C5D69F /* Assets.xcassets */,
				B89DC1601E6E5CBD00C5D69F /* LaunchScreen.storyboard */,
				B89DC1631E6E5CBD00C5D69F /* Info.plist */,
				B89DC1521E6E5CBD00C5D69F /* Supporting Files */,
			);
			path = YLZDevelopmentKit;
			sourceTree = "<group>";
		};
		B89DC1521E6E5CBD00C5D69F /* Supporting Files */ = {
			isa = PBXGroup;
			children = (
				B89DC1531E6E5CBD00C5D69F /* main.m */,
			);
			name = "Supporting Files";
			sourceTree = "<group>";
		};
		B8D854DF1E6FA8D200BF279C /* AppContext */ = {
			isa = PBXGroup;
			children = (
				B8D854E31E6FAC4900BF279C /* YLZAppContext.h */,
				B8D854E41E6FAC4900BF279C /* YLZAppContext.m */,
			);
			path = AppContext;
			sourceTree = "<group>";
		};
/* End PBXGroup section */

/* Begin PBXNativeTarget section */
		B89DC14E1E6E5CBD00C5D69F /* YLZDevelopmentKit */ = {
			isa = PBXNativeTarget;
			buildConfigurationList = B89DC1661E6E5CBD00C5D69F /* Build configuration list for PBXNativeTarget "YLZDevelopmentKit" */;
			buildPhases = (
				AF46E97B7E6D0CAE5D6FB1E9 /* [CP] Check Pods Manifest.lock */,
				B89DC14B1E6E5CBD00C5D69F /* Sources */,
				B89DC14C1E6E5CBD00C5D69F /* Frameworks */,
				B89DC14D1E6E5CBD00C5D69F /* Resources */,
				4B08AE1B58AA71335BC96607 /* [CP] Embed Pods Frameworks */,
				4E6A2136DEA8EE6587004399 /* [CP] Copy Pods Resources */,
			);
			buildRules = (
			);
			dependencies = (
			);
			name = YLZDevelopmentKit;
			productName = YLZDevelopmentKit;
			productReference = B89DC14F1E6E5CBD00C5D69F /* YLZDevelopmentKit.app */;
			productType = "com.apple.product-type.application";
		};
/* End PBXNativeTarget section */

/* Begin PBXProject section */
		B89DC1471E6E5CBD00C5D69F /* Project object */ = {
			isa = PBXProject;
			attributes = {
				LastUpgradeCheck = 0820;
				ORGANIZATIONNAME = "萧宇";
				TargetAttributes = {
					B89DC14E1E6E5CBD00C5D69F = {
						CreatedOnToolsVersion = 8.2.1;
						DevelopmentTeam = 72D43W87FJ;
						ProvisioningStyle = Automatic;
					};
				};
			};
			buildConfigurationList = B89DC14A1E6E5CBD00C5D69F /* Build configuration list for PBXProject "YLZDevelopmentKit" */;
			compatibilityVersion = "Xcode 3.2";
			developmentRegion = English;
			hasScannedForEncodings = 0;
			knownRegions = (
				en,
				Base,
			);
			mainGroup = B89DC1461E6E5CBD00C5D69F;
			productRefGroup = B89DC1501E6E5CBD00C5D69F /* Products */;
			projectDirPath = "";
			projectRoot = "";
			targets = (
				B89DC14E1E6E5CBD00C5D69F /* YLZDevelopmentKit */,
			);
		};
/* End PBXProject section */

/* Begin PBXResourcesBuildPhase section */
		B89DC14D1E6E5CBD00C5D69F /* Resources */ = {
			isa = PBXResourcesBuildPhase;
			buildActionMask = 2147483647;
			files = (
				B89DC1621E6E5CBD00C5D69F /* LaunchScreen.storyboard in Resources */,
				B89DC15F1E6E5CBD00C5D69F /* Assets.xcassets in Resources */,
				B843AABD1E7928D20001578C /* DNSMapping.json in Resources */,
			);
			runOnlyForDeploymentPostprocessing = 0;
		};
/* End PBXResourcesBuildPhase section */

/* Begin PBXShellScriptBuildPhase section */
		4B08AE1B58AA71335BC96607 /* [CP] Embed Pods Frameworks */ = {
			isa = PBXShellScriptBuildPhase;
			buildActionMask = 2147483647;
			files = (
			);
			inputPaths = (
			);
			name = "[CP] Embed Pods Frameworks";
			outputPaths = (
			);
			runOnlyForDeploymentPostprocessing = 0;
			shellPath = /bin/sh;
			shellScript = "\"${SRCROOT}/Pods/Target Support Files/Pods-YLZDevelopmentKit/Pods-YLZDevelopmentKit-frameworks.sh\"\n";
			showEnvVarsInLog = 0;
		};
		4E6A2136DEA8EE6587004399 /* [CP] Copy Pods Resources */ = {
			isa = PBXShellScriptBuildPhase;
			buildActionMask = 2147483647;
			files = (
			);
			inputPaths = (
			);
			name = "[CP] Copy Pods Resources";
			outputPaths = (
			);
			runOnlyForDeploymentPostprocessing = 0;
			shellPath = /bin/sh;
			shellScript = "\"${SRCROOT}/Pods/Target Support Files/Pods-YLZDevelopmentKit/Pods-YLZDevelopmentKit-resources.sh\"\n";
			showEnvVarsInLog = 0;
		};
		AF46E97B7E6D0CAE5D6FB1E9 /* [CP] Check Pods Manifest.lock */ = {
			isa = PBXShellScriptBuildPhase;
			buildActionMask = 2147483647;
			files = (
			);
			inputPaths = (
			);
			name = "[CP] Check Pods Manifest.lock";
			outputPaths = (
			);
			runOnlyForDeploymentPostprocessing = 0;
			shellPath = /bin/sh;
			shellScript = "diff \"${PODS_ROOT}/../Podfile.lock\" \"${PODS_ROOT}/Manifest.lock\" > /dev/null\nif [ $? != 0 ] ; then\n    # print error to STDERR\n    echo \"error: The sandbox is not in sync with the Podfile.lock. Run 'pod install' or update your CocoaPods installation.\" >&2\n    exit 1\nfi\n";
			showEnvVarsInLog = 0;
		};
/* End PBXShellScriptBuildPhase section */

/* Begin PBXSourcesBuildPhase section */
		B89DC14B1E6E5CBD00C5D69F /* Sources */ = {
			isa = PBXSourcesBuildPhase;
			buildActionMask = 2147483647;
			files = (
				B8E2EEB81E6FFEF100D3791F /* YLZNetworkReachability.m in Sources */,
				B8D609671E7A21C100AA5DAD /* YLZIPValidator.m in Sources */,
				B89DC1571E6E5CBD00C5D69F /* AppDelegate.m in Sources */,
				B896FE7F1E78D2ED001A5086 /* YLZNetworkManager.m in Sources */,
				B8D854E51E6FAC4900BF279C /* YLZAppContext.m in Sources */,
				B83A15311E6E9C7E00DFA42E /* MainViewController.m in Sources */,
				B89DC1541E6E5CBD00C5D69F /* main.m in Sources */,
				B843AAC01E79296A0001578C /* YLZDNSMappingManager.m in Sources */,
			);
			runOnlyForDeploymentPostprocessing = 0;
		};
/* End PBXSourcesBuildPhase section */

/* Begin PBXVariantGroup section */
		B89DC1601E6E5CBD00C5D69F /* LaunchScreen.storyboard */ = {
			isa = PBXVariantGroup;
			children = (
				B89DC1611E6E5CBD00C5D69F /* Base */,
			);
			name = LaunchScreen.storyboard;
			sourceTree = "<group>";
		};
/* End PBXVariantGroup section */

/* Begin XCBuildConfiguration section */
		B89DC1641E6E5CBD00C5D69F /* Debug */ = {
			isa = XCBuildConfiguration;
			buildSettings = {
				ALWAYS_SEARCH_USER_PATHS = NO;
				CLANG_ANALYZER_NONNULL = YES;
				CLANG_CXX_LANGUAGE_STANDARD = "gnu++0x";
				CLANG_CXX_LIBRARY = "libc++";
				CLANG_ENABLE_MODULES = YES;
				CLANG_ENABLE_OBJC_ARC = YES;
				CLANG_WARN_BOOL_CONVERSION = YES;
				CLANG_WARN_CONSTANT_CONVERSION = YES;
				CLANG_WARN_DIRECT_OBJC_ISA_USAGE = YES_ERROR;
				CLANG_WARN_DOCUMENTATION_COMMENTS = YES;
				CLANG_WARN_EMPTY_BODY = YES;
				CLANG_WARN_ENUM_CONVERSION = YES;
				CLANG_WARN_INFINITE_RECURSION = YES;
				CLANG_WARN_INT_CONVERSION = YES;
				CLANG_WARN_OBJC_ROOT_CLASS = YES_ERROR;
				CLANG_WARN_SUSPICIOUS_MOVE = YES;
				CLANG_WARN_UNREACHABLE_CODE = YES;
				CLANG_WARN__DUPLICATE_METHOD_MATCH = YES;
				"CODE_SIGN_IDENTITY[sdk=iphoneos*]" = "iPhone Developer";
				COPY_PHASE_STRIP = NO;
				DEBUG_INFORMATION_FORMAT = dwarf;
				ENABLE_STRICT_OBJC_MSGSEND = YES;
				ENABLE_TESTABILITY = YES;
				GCC_C_LANGUAGE_STANDARD = gnu99;
				GCC_DYNAMIC_NO_PIC = NO;
				GCC_NO_COMMON_BLOCKS = YES;
				GCC_OPTIMIZATION_LEVEL = 0;
				GCC_PREPROCESSOR_DEFINITIONS = (
					"DEBUG=1",
					"$(inherited)",
				);
				GCC_WARN_64_TO_32_BIT_CONVERSION = YES;
				GCC_WARN_ABOUT_RETURN_TYPE = YES_ERROR;
				GCC_WARN_UNDECLARED_SELECTOR = YES;
				GCC_WARN_UNINITIALIZED_AUTOS = YES_AGGRESSIVE;
				GCC_WARN_UNUSED_FUNCTION = YES;
				GCC_WARN_UNUSED_VARIABLE = YES;
				IPHONEOS_DEPLOYMENT_TARGET = 10.2;
				MTL_ENABLE_DEBUG_INFO = YES;
				ONLY_ACTIVE_ARCH = YES;
				SDKROOT = iphoneos;
			};
			name = Debug;
		};
		B89DC1651E6E5CBD00C5D69F /* Release */ = {
			isa = XCBuildConfiguration;
			buildSettings = {
				ALWAYS_SEARCH_USER_PATHS = NO;
				CLANG_ANALYZER_NONNULL = YES;
				CLANG_CXX_LANGUAGE_STANDARD = "gnu++0x";
				CLANG_CXX_LIBRARY = "libc++";
				CLANG_ENABLE_MODULES = YES;
				CLANG_ENABLE_OBJC_ARC = YES;
				CLANG_WARN_BOOL_CONVERSION = YES;
				CLANG_WARN_CONSTANT_CONVERSION = YES;
				CLANG_WARN_DIRECT_OBJC_ISA_USAGE = YES_ERROR;
				CLANG_WARN_DOCUMENTATION_COMMENTS = YES;
				CLANG_WARN_EMPTY_BODY = YES;
				CLANG_WARN_ENUM_CONVERSION = YES;
				CLANG_WARN_INFINITE_RECURSION = YES;
				CLANG_WARN_INT_CONVERSION = YES;
				CLANG_WARN_OBJC_ROOT_CLASS = YES_ERROR;
				CLANG_WARN_SUSPICIOUS_MOVE = YES;
				CLANG_WARN_UNREACHABLE_CODE = YES;
				CLANG_WARN__DUPLICATE_METHOD_MATCH = YES;
				"CODE_SIGN_IDENTITY[sdk=iphoneos*]" = "iPhone Developer";
				COPY_PHASE_STRIP = NO;
				DEBUG_INFORMATION_FORMAT = "dwarf-with-dsym";
				ENABLE_NS_ASSERTIONS = NO;
				ENABLE_STRICT_OBJC_MSGSEND = YES;
				GCC_C_LANGUAGE_STANDARD = gnu99;
				GCC_NO_COMMON_BLOCKS = YES;
				GCC_WARN_64_TO_32_BIT_CONVERSION = YES;
				GCC_WARN_ABOUT_RETURN_TYPE = YES_ERROR;
				GCC_WARN_UNDECLARED_SELECTOR = YES;
				GCC_WARN_UNINITIALIZED_AUTOS = YES_AGGRESSIVE;
				GCC_WARN_UNUSED_FUNCTION = YES;
				GCC_WARN_UNUSED_VARIABLE = YES;
				IPHONEOS_DEPLOYMENT_TARGET = 10.2;
				MTL_ENABLE_DEBUG_INFO = NO;
				SDKROOT = iphoneos;
				VALIDATE_PRODUCT = YES;
			};
			name = Release;
		};
		B89DC1671E6E5CBD00C5D69F /* Debug */ = {
			isa = XCBuildConfiguration;
			baseConfigurationReference = 475472B1BF09D7197B848EC6 /* Pods-YLZDevelopmentKit.debug.xcconfig */;
			buildSettings = {
				ASSETCATALOG_COMPILER_APPICON_NAME = AppIcon;
				CLANG_ALLOW_NON_MODULAR_INCLUDES_IN_FRAMEWORK_MODULES = YES;
				DEVELOPMENT_TEAM = 72D43W87FJ;
				INFOPLIST_FILE = YLZDevelopmentKit/Info.plist;
				LD_RUNPATH_SEARCH_PATHS = "$(inherited) @executable_path/Frameworks";
				PRODUCT_BUNDLE_IDENTIFIER = com.ylzinfo.YLZDevelopmentKit;
				PRODUCT_NAME = "$(TARGET_NAME)";
			};
			name = Debug;
		};
		B89DC1681E6E5CBD00C5D69F /* Release */ = {
			isa = XCBuildConfiguration;
			baseConfigurationReference = 3881BB0012418F791DBC538F /* Pods-YLZDevelopmentKit.release.xcconfig */;
			buildSettings = {
				ASSETCATALOG_COMPILER_APPICON_NAME = AppIcon;
				CLANG_ALLOW_NON_MODULAR_INCLUDES_IN_FRAMEWORK_MODULES = YES;
				DEVELOPMENT_TEAM = 72D43W87FJ;
				INFOPLIST_FILE = YLZDevelopmentKit/Info.plist;
				LD_RUNPATH_SEARCH_PATHS = "$(inherited) @executable_path/Frameworks";
				PRODUCT_BUNDLE_IDENTIFIER = com.ylzinfo.YLZDevelopmentKit;
				PRODUCT_NAME = "$(TARGET_NAME)";
			};
			name = Release;
		};
/* End XCBuildConfiguration section */

/* Begin XCConfigurationList section */
		B89DC14A1E6E5CBD00C5D69F /* Build configuration list for PBXProject "YLZDevelopmentKit" */ = {
			isa = XCConfigurationList;
			buildConfigurations = (
				B89DC1641E6E5CBD00C5D69F /* Debug */,
				B89DC1651E6E5CBD00C5D69F /* Release */,
			);
			defaultConfigurationIsVisible = 0;
			defaultConfigurationName = Release;
		};
		B89DC1661E6E5CBD00C5D69F /* Build configuration list for PBXNativeTarget "YLZDevelopmentKit" */ = {
			isa = XCConfigurationList;
			buildConfigurations = (
				B89DC1671E6E5CBD00C5D69F /* Debug */,
				B89DC1681E6E5CBD00C5D69F /* Release */,
			);
			defaultConfigurationIsVisible = 0;
			defaultConfigurationName = Release;
		};
/* End XCConfigurationList section */
	};
	rootObject = B89DC1471E6E5CBD00C5D69F /* Project object */;
}
